
Microsoft Visual Studio Solution File, Format Version 12.00
# Visual Studio Version 17
VisualStudioVersion = 17.5.002.0
MinimumVisualStudioVersion = 10.0.40219.1
Project("{9A19103F-16F7-4668-BE54-9A1E7A4F7556}") = "HW06_data_api02", "HW06_data_api02.csproj", "{545D0A01-BCDA-4FF6-B544-37E992FE0764}"
EndProject
Global
	GlobalSection(SolutionConfigurationPlatforms) = preSolution
		Debug|Any CPU = Debug|Any CPU
		Release|Any CPU = Release|Any CPU
	EndGlobalSection
	GlobalSection(ProjectConfigurationPlatforms) = postSolution
		{545D0A01-BCDA-4FF6-B544-37E992FE0764}.Debug|Any CPU.ActiveCfg = Debug|Any CPU
		{545D0A01-BCDA-4FF6-B544-37E992FE0764}.Debug|Any CPU.Build.0 = Debug|Any CPU
		{545D0A01-BCDA-4FF6-B544-37E992FE0764}.Release|Any CPU.ActiveCfg = Release|Any CPU
		{545D0A01-BCDA-4FF6-B544-37E992FE0764}.Release|Any CPU.Build.0 = Release|Any CPU
	EndGlobalSection
	GlobalSection(SolutionProperties) = preSolution
		HideSolutionNode = FALSE
	EndGlobalSection
	GlobalSection(ExtensibilityGlobals) = postSolution
		SolutionGuid = {F3DC9A42-776F-49DA-B0BC-8C6AB3FE0331}
	EndGlobalSection
EndGlobal
